
Microsoft Visual Studio Solution File, Format Version 12.00
# Visual Studio Version 17
VisualStudioVersion = 17.0.31903.59
MinimumVisualStudioVersion = 10.0.40219.1
Project("{FAE04EC0-301F-11D3-BF4B-00C04F79EFBC}") = "Chat.Contracts", "Chat.Contracts\Chat.Contracts.csproj", "{A1B2C3D4-E5F6-4789-A012-34567890ABCD}"
EndProject
Project("{FAE04EC0-301F-11D3-BF4B-00C04F79EFBC}") = "Chat.Client.Shared", "Chat.Client.Shared\Chat.Client.Shared.csproj", "{B2C3D4E5-F6A7-4890-B123-45678901BCDE}"
EndProject
Project("{FAE04EC0-301F-11D3-BF4B-00C04F79EFBC}") = "Chat.Server", "Chat.Server\Chat.Server.csproj", "{C3D4E5F6-A7B8-4901-C234-56789012CDEF}"
EndProject
Project("{FAE04EC0-301F-11D3-BF4B-00C04F79EFBC}") = "Chat.Client.Polling", "Chat.Client.Polling\Chat.Client.Polling.csproj", "{D4E5F6A7-B8C9-4902-D345-67890123DEF0}"
EndProject
Project("{FAE04EC0-301F-11D3-BF4B-00C04F79EFBC}") = "Chat.Client.Duplex", "Chat.Client.Duplex\Chat.Client.Duplex.csproj", "{E5F6A7B8-C9D0-4903-E456-78901234EF01}"
EndProject
Project("{FAE04EC0-301F-11D3-BF4B-00C04F79EFBC}") = "Chat.Server.Tests", "Chat.Server.Tests\Chat.Server.Tests.csproj", "{F6A7B8C9-D0E1-4904-F567-89012345F012}"
EndProject
Global
	GlobalSection(SolutionConfigurationPlatforms) = preSolution
		Debug|Any CPU = Debug|Any CPU
		Release|Any CPU = Release|Any CPU
	EndGlobalSection
	GlobalSection(ProjectConfigurationPlatforms) = postSolution
		{A1B2C3D4-E5F6-4789-A012-34567890ABCD}.Debug|Any CPU.ActiveCfg = Debug|Any CPU
		{A1B2C3D4-E5F6-4789-A012-34567890ABCD}.Debug|Any CPU.Build.0 = Debug|Any CPU
		{A1B2C3D4-E5F6-4789-A012-34567890ABCD}.Release|Any CPU.ActiveCfg = Release|Any CPU
		{A1B2C3D4-E5F6-4789-A012-34567890ABCD}.Release|Any CPU.Build.0 = Release|Any CPU
		{B2C3D4E5-F6A7-4890-B123-45678901BCDE}.Debug|Any CPU.ActiveCfg = Debug|Any CPU
		{B2C3D4E5-F6A7-4890-B123-45678901BCDE}.Debug|Any CPU.Build.0 = Debug|Any CPU
		{B2C3D4E5-F6A7-4890-B123-45678901BCDE}.Release|Any CPU.ActiveCfg = Release|Any CPU
		{B2C3D4E5-F6A7-4890-B123-45678901BCDE}.Release|Any CPU.Build.0 = Release|Any CPU
		{C3D4E5F6-A7B8-4901-C234-56789012CDEF}.Debug|Any CPU.ActiveCfg = Debug|Any CPU
		{C3D4E5F6-A7B8-4901-C234-56789012CDEF}.Debug|Any CPU.Build.0 = Debug|Any CPU
		{C3D4E5F6-A7B8-4901-C234-56789012CDEF}.Release|Any CPU.ActiveCfg = Release|Any CPU
		{C3D4E5F6-A7B8-4901-C234-56789012CDEF}.Release|Any CPU.Build.0 = Release|Any CPU
		{D4E5F6A7-B8C9-4902-D345-67890123DEF0}.Debug|Any CPU.ActiveCfg = Debug|Any CPU
		{D4E5F6A7-B8C9-4902-D345-67890123DEF0}.Debug|Any CPU.Build.0 = Debug|Any CPU
		{D4E5F6A7-B8C9-4902-D345-67890123DEF0}.Release|Any CPU.ActiveCfg = Release|Any CPU
		{D4E5F6A7-B8C9-4902-D345-67890123DEF0}.Release|Any CPU.Build.0 = Release|Any CPU
		{E5F6A7B8-C9D0-4903-E456-78901234EF01}.Debug|Any CPU.ActiveCfg = Debug|Any CPU
		{E5F6A7B8-C9D0-4903-E456-78901234EF01}.Debug|Any CPU.Build.0 = Debug|Any CPU
		{E5F6A7B8-C9D0-4903-E456-78901234EF01}.Release|Any CPU.ActiveCfg = Release|Any CPU
		{E5F6A7B8-C9D0-4903-E456-78901234EF01}.Release|Any CPU.Build.0 = Release|Any CPU
		{F6A7B8C9-D0E1-4904-F567-89012345F012}.Debug|Any CPU.ActiveCfg = Debug|Any CPU
		{F6A7B8C9-D0E1-4904-F567-89012345F012}.Debug|Any CPU.Build.0 = Debug|Any CPU
		{F6A7B8C9-D0E1-4904-F567-89012345F012}.Release|Any CPU.ActiveCfg = Release|Any CPU
		{F6A7B8C9-D0E1-4904-F567-89012345F012}.Release|Any CPU.Build.0 = Release|Any CPU
	EndGlobalSection
EndGlobal
